Microsoft Visual Studio Solution File, Format Version 11.00
# Visual Studio 2008

Project("{9711C44B-C923-072C-6962-1CD5362DE3E2}") = "try1", "Assembly-CSharp.csproj", "{251CF7EE-F279-5D26-4531-5E2C969AF255}"
EndProject
Global
	GlobalSection(SolutionConfigurationPlatforms) = preSolution
		Debug|Any CPU = Debug|Any CPU
		Release|Any CPU = Release|Any CPU
	EndGlobalSection
	GlobalSection(ProjectConfigurationPlatforms) = postSolution
		{251CF7EE-F279-5D26-4531-5E2C969AF255}.Debug|Any CPU.ActiveCfg = Debug|Any CPU
		{251CF7EE-F279-5D26-4531-5E2C969AF255}.Debug|Any CPU.Build.0 = Debug|Any CPU
		{251CF7EE-F279-5D26-4531-5E2C969AF255}.Release|Any CPU.ActiveCfg = Release|Any CPU
		{251CF7EE-F279-5D26-4531-5E2C969AF255}.Release|Any CPU.Build.0 = Release|Any CPU
	EndGlobalSection
	GlobalSection(SolutionProperties) = preSolution
		HideSolutionNode = FALSE
	EndGlobalSection
	GlobalSection(MonoDevelopProperties) = preSolution
		StartupItem = Assembly-CSharp.csproj
	EndGlobalSection
EndGlobal
